
Microsoft Visual Studio Solution File, Format Version 12.00
# Visual Studio Version 17
VisualStudioVersion = 17.5.002.0
MinimumVisualStudioVersion = 10.0.40219.1
Project("{9A19103F-16F7-4668-BE54-9A1E7A4F7556}") = "DBLWD6.CustomORM", "DBLWD6.CustomORM.csproj", "{A522145E-9961-4425-A0C6-5A43062CBE28}"
EndProject
Global
	GlobalSection(SolutionConfigurationPlatforms) = preSolution
		Debug|Any CPU = Debug|Any CPU
		Release|Any CPU = Release|Any CPU
	EndGlobalSection
	GlobalSection(ProjectConfigurationPlatforms) = postSolution
		{A522145E-9961-4425-A0C6-5A43062CBE28}.Debug|Any CPU.ActiveCfg = Debug|Any CPU
		{A522145E-9961-4425-A0C6-5A43062CBE28}.Debug|Any CPU.Build.0 = Debug|Any CPU
		{A522145E-9961-4425-A0C6-5A43062CBE28}.Release|Any CPU.ActiveCfg = Release|Any CPU
		{A522145E-9961-4425-A0C6-5A43062CBE28}.Release|Any CPU.Build.0 = Release|Any CPU
	EndGlobalSection
	GlobalSection(SolutionProperties) = preSolution
		HideSolutionNode = FALSE
	EndGlobalSection
	GlobalSection(ExtensibilityGlobals) = postSolution
		SolutionGuid = {C21CE725-3ACB-4BB5-9EBC-5968B282F6DF}
	EndGlobalSection
EndGlobal
